
Microsoft Visual Studio Solution File, Format Version 12.00
# Visual Studio Version 16
VisualStudioVersion = 16.0.30128.74
MinimumVisualStudioVersion = 10.0.40219.1
Project("{FAE04EC0-301F-11D3-BF4B-00C04F79EFBC}") = "Capa_Acceso_Datos", "..\CAPAS\Capa_Acceso_Datos\Capa_Acceso_Datos.csproj", "{77FD6593-5FF9-46B3-9FD2-CE48846228BA}"
EndProject
Project("{FAE04EC0-301F-11D3-BF4B-00C04F79EFBC}") = "Capa_Entidades", "..\CAPAS\Capa_Logica\Capa_Entidades.csproj", "{7125A59E-9E8F-4ECC-88A1-687C3461F423}"
EndProject
Project("{FAE04EC0-301F-11D3-BF4B-00C04F79EFBC}") = "Capa_Vista", "..\CAPAS\Capa_Vista\Capa_Vista.csproj", "{69554DD3-A9BC-49A7-A16F-77FCE49E0F3A}"
EndProject
Project("{FAE04EC0-301F-11D3-BF4B-00C04F79EFBC}") = "Capa_Logica_Negocios", "..\CAPAS\Capa_Logica_Negocios\Capa_Logica_Negocios.csproj", "{D126CB6E-0FDD-4413-978D-9D20DF193AA0}"
EndProject
Global
	GlobalSection(SolutionConfigurationPlatforms) = preSolution
		Debug|Any CPU = Debug|Any CPU
		Release|Any CPU = Release|Any CPU
	EndGlobalSection
	GlobalSection(ProjectConfigurationPlatforms) = postSolution
		{77FD6593-5FF9-46B3-9FD2-CE48846228BA}.Debug|Any CPU.ActiveCfg = Debug|Any CPU
		{77FD6593-5FF9-46B3-9FD2-CE48846228BA}.Debug|Any CPU.Build.0 = Debug|Any CPU
		{77FD6593-5FF9-46B3-9FD2-CE48846228BA}.Release|Any CPU.ActiveCfg = Release|Any CPU
		{77FD6593-5FF9-46B3-9FD2-CE48846228BA}.Release|Any CPU.Build.0 = Release|Any CPU
		{7125A59E-9E8F-4ECC-88A1-687C3461F423}.Debug|Any CPU.ActiveCfg = Debug|Any CPU
		{7125A59E-9E8F-4ECC-88A1-687C3461F423}.Debug|Any CPU.Build.0 = Debug|Any CPU
		{7125A59E-9E8F-4ECC-88A1-687C3461F423}.Release|Any CPU.ActiveCfg = Release|Any CPU
		{7125A59E-9E8F-4ECC-88A1-687C3461F423}.Release|Any CPU.Build.0 = Release|Any CPU
		{69554DD3-A9BC-49A7-A16F-77FCE49E0F3A}.Debug|Any CPU.ActiveCfg = Debug|Any CPU
		{69554DD3-A9BC-49A7-A16F-77FCE49E0F3A}.Debug|Any CPU.Build.0 = Debug|Any CPU
		{69554DD3-A9BC-49A7-A16F-77FCE49E0F3A}.Release|Any CPU.ActiveCfg = Release|Any CPU
		{69554DD3-A9BC-49A7-A16F-77FCE49E0F3A}.Release|Any CPU.Build.0 = Release|Any CPU
		{D126CB6E-0FDD-4413-978D-9D20DF193AA0}.Debug|Any CPU.ActiveCfg = Debug|Any CPU
		{D126CB6E-0FDD-4413-978D-9D20DF193AA0}.Debug|Any CPU.Build.0 = Debug|Any CPU
		{D126CB6E-0FDD-4413-978D-9D20DF193AA0}.Release|Any CPU.ActiveCfg = Release|Any CPU
		{D126CB6E-0FDD-4413-978D-9D20DF193AA0}.Release|Any CPU.Build.0 = Release|Any CPU
	EndGlobalSection
	GlobalSection(SolutionProperties) = preSolution
		HideSolutionNode = FALSE
	EndGlobalSection
	GlobalSection(ExtensibilityGlobals) = postSolution
		SolutionGuid = {28CFA892-EF59-4768-AE35-4F048A694D13}
	EndGlobalSection
EndGlobal
